
Microsoft Visual Studio Solution File, Format Version 12.00
# Visual Studio 15
VisualStudioVersion = 15.0.28307.757
MinimumVisualStudioVersion = 10.0.40219.1
Project("{8BC9CEB8-8B4A-11D0-8D11-00A0C91BC942}") = "TIFF2DCM", "TIFF2DCM\TIFF2DCM.vcxproj", "{A64ED60D-B815-4568-A24F-DE248083CFD5}"
EndProject
Global
	GlobalSection(SolutionConfigurationPlatforms) = preSolution
		Debug|x64 = Debug|x64
		Debug|x86 = Debug|x86
		Release|x64 = Release|x64
		Release|x86 = Release|x86
	EndGlobalSection
	GlobalSection(ProjectConfigurationPlatforms) = postSolution
		{A64ED60D-B815-4568-A24F-DE248083CFD5}.Debug|x64.ActiveCfg = Debug|x64
		{A64ED60D-B815-4568-A24F-DE248083CFD5}.Debug|x64.Build.0 = Debug|x64
		{A64ED60D-B815-4568-A24F-DE248083CFD5}.Debug|x86.ActiveCfg = Debug|Win32
		{A64ED60D-B815-4568-A24F-DE248083CFD5}.Debug|x86.Build.0 = Debug|Win32
		{A64ED60D-B815-4568-A24F-DE248083CFD5}.Release|x64.ActiveCfg = Release|x64
		{A64ED60D-B815-4568-A24F-DE248083CFD5}.Release|x64.Build.0 = Release|x64
		{A64ED60D-B815-4568-A24F-DE248083CFD5}.Release|x86.ActiveCfg = Release|Win32
		{A64ED60D-B815-4568-A24F-DE248083CFD5}.Release|x86.Build.0 = Release|Win32
	EndGlobalSection
	GlobalSection(SolutionProperties) = preSolution
		HideSolutionNode = FALSE
	EndGlobalSection
	GlobalSection(ExtensibilityGlobals) = postSolution
		SolutionGuid = {AD026899-349D-48D3-ABD8-0E84159A7580}
	EndGlobalSection
EndGlobal
